
Microsoft Visual Studio Solution File, Format Version 12.00
# Visual Studio 15
VisualStudioVersion = 15.0.27703.2035
MinimumVisualStudioVersion = 10.0.40219.1
Project("{FAE04EC0-301F-11D3-BF4B-00C04F79EFBC}") = "PigRace", "PigRace\PigRace.csproj", "{782C7675-5396-4F1D-BA46-474ED2F4C956}"
EndProject
Project("{FAE04EC0-301F-11D3-BF4B-00C04F79EFBC}") = "UnitTestProject1", "UnitTestProject1\UnitTestProject1.csproj", "{25E24EED-3EF7-4014-81BE-85162EDE0DC6}"
EndProject
Global
	GlobalSection(SolutionConfigurationPlatforms) = preSolution
		Debug|Any CPU = Debug|Any CPU
		Release|Any CPU = Release|Any CPU
	EndGlobalSection
	GlobalSection(ProjectConfigurationPlatforms) = postSolution
		{782C7675-5396-4F1D-BA46-474ED2F4C956}.Debug|Any CPU.ActiveCfg = Debug|Any CPU
		{782C7675-5396-4F1D-BA46-474ED2F4C956}.Debug|Any CPU.Build.0 = Debug|Any CPU
		{782C7675-5396-4F1D-BA46-474ED2F4C956}.Release|Any CPU.ActiveCfg = Release|Any CPU
		{782C7675-5396-4F1D-BA46-474ED2F4C956}.Release|Any CPU.Build.0 = Release|Any CPU
		{25E24EED-3EF7-4014-81BE-85162EDE0DC6}.Debug|Any CPU.ActiveCfg = Debug|Any CPU
		{25E24EED-3EF7-4014-81BE-85162EDE0DC6}.Debug|Any CPU.Build.0 = Debug|Any CPU
		{25E24EED-3EF7-4014-81BE-85162EDE0DC6}.Release|Any CPU.ActiveCfg = Release|Any CPU
		{25E24EED-3EF7-4014-81BE-85162EDE0DC6}.Release|Any CPU.Build.0 = Release|Any CPU
	EndGlobalSection
	GlobalSection(SolutionProperties) = preSolution
		HideSolutionNode = FALSE
	EndGlobalSection
	GlobalSection(ExtensibilityGlobals) = postSolution
		SolutionGuid = {A5D0C63F-0924-4ABF-B258-46F5995B7E92}
	EndGlobalSection
EndGlobal
